
Microsoft Visual Studio Solution File, Format Version 12.00
# Visual Studio Version 17
VisualStudioVersion = 17.2.32630.192
MinimumVisualStudioVersion = 10.0.40219.1
Project("{2150E333-8FDC-42A3-9474-1A3956D46DE8}") = "Solution Items", "Solution Items", "{6D4CFB78-1DDF-442B-BB0F-6B119C559603}"
	ProjectSection(SolutionItems) = preProject
		.editorconfig = .editorconfig
	EndProjectSection
EndProject
Project("{FAE04EC0-301F-11D3-BF4B-00C04F79EFBC}") = "RequestManagerSample", "RequestManagerSample\RequestManagerSample.csproj", "{BD80885D-81E5-44A0-A78F-BCB72EC5FDCA}"
EndProject
Project("{D954291E-2A0B-460D-934E-DC6B0785DB48}") = "Shared", "Shared\Shared.shproj", "{FEAFCA17-7CF4-4D24-ABA8-B31D284A963C}"
EndProject
Project("{2150E333-8FDC-42A3-9474-1A3956D46DE8}") = "Media SDK", "Media SDK", "{949B9098-D0C6-4E6C-BAB4-7253789645C1}"
EndProject
Project("{2150E333-8FDC-42A3-9474-1A3956D46DE8}") = "Workspace SDK", "Workspace SDK", "{70BBDAA5-EC10-48FE-8DB8-D360D0489681}"
EndProject
Project("{FAE04EC0-301F-11D3-BF4B-00C04F79EFBC}") = "TimelineProviderSample", "TimelineProviderSample\TimelineProviderSample.csproj", "{A7366828-58B4-480B-8D90-6493D257E802}"
EndProject
Project("{2150E333-8FDC-42A3-9474-1A3956D46DE8}") = "Plugin SDK", "Plugin SDK", "{AAD7589E-062C-4CF0-AF3D-8B86A42AA482}"
EndProject
Project("{FAE04EC0-301F-11D3-BF4B-00C04F79EFBC}") = "TileViewSample", "TileViewSample\TileViewSample.csproj", "{12E66CF7-F80D-45EA-B106-E638B769A2B5}"
EndProject
Project("{FAE04EC0-301F-11D3-BF4B-00C04F79EFBC}") = "EntityMappingSample", "EntityMappingSample\EntityMappingSample.csproj", "{EF31E80D-6743-4D64-BE6B-C1AE3DAD798A}"
EndProject
Project("{FAE04EC0-301F-11D3-BF4B-00C04F79EFBC}") = "EntityCacheSample", "EntityCacheSample\EntityCacheSample.csproj", "{A2B97D24-662D-400D-A3E7-1D8760BC8B4B}"
EndProject
Project("{FAE04EC0-301F-11D3-BF4B-00C04F79EFBC}") = "RaiseEventSample", "RaiseEventSample\RaiseEventSample.csproj", "{73543DDA-EF56-49E4-A49C-B3F162150038}"
EndProject
Project("{FAE04EC0-301F-11D3-BF4B-00C04F79EFBC}") = "BasicPluginTemplate", "BasicPluginTemplate\BasicPluginTemplate.csproj", "{E9E9B507-7E3D-4CCE-BC5B-CF22AA2AEE67}"
EndProject
Project("{FAE04EC0-301F-11D3-BF4B-00C04F79EFBC}") = "CustomEventSample", "CustomEventSample\CustomEventSample.csproj", "{2F8A8884-0C43-486E-99A9-7AD133D6A443}"
EndProject
Project("{FAE04EC0-301F-11D3-BF4B-00C04F79EFBC}") = "CommandManagerSample", "CommandManagerSample\CommandManagerSample.csproj", "{C486546E-2D72-4ABF-A232-DFBC6B13BB2E}"
EndProject
Project("{FAE04EC0-301F-11D3-BF4B-00C04F79EFBC}") = "VideoUnitSample", "VideoUnitSample\VideoUnitSample.csproj", "{7E86AB23-938E-4384-BDBE-E98D7CC9CA44}"
EndProject
Project("{FAE04EC0-301F-11D3-BF4B-00C04F79EFBC}") = "TileWidgetSample", "TileWidgetSample\TileWidgetSample.csproj", "{6B0173A4-19BF-41D2-B0E9-62BF17BD151A}"
EndProject
Project("{FAE04EC0-301F-11D3-BF4B-00C04F79EFBC}") = "TilePropertiesSample", "TilePropertiesSample\TilePropertiesSample.csproj", "{5E8C6571-B661-4FA0-AE8F-D9214B166F4B}"
EndProject
Project("{FAE04EC0-301F-11D3-BF4B-00C04F79EFBC}") = "LoggerSample", "LoggerSample\LoggerSample.csproj", "{4D27A27E-A287-4366-89DC-E89571B07321}"
EndProject
Project("{FAE04EC0-301F-11D3-BF4B-00C04F79EFBC}") = "AlarmMonitoringSample", "AlarmMonitoringSample\AlarmMonitoringSample.csproj", "{464C76EA-DA3E-4957-BBC3-2B8591E64349}"
EndProject
Project("{FAE04EC0-301F-11D3-BF4B-00C04F79EFBC}") = "SecurityManagerSample", "SecurityManagerSample\SecurityManagerSample.csproj", "{49274831-CE4C-4B89-91B9-61C7DEDA2A26}"
EndProject
Project("{FAE04EC0-301F-11D3-BF4B-00C04F79EFBC}") = "PlaybackStreamReaderSample", "PlaybackStreamReaderSample\PlaybackStreamReaderSample.csproj", "{36E0317B-FAD0-48C4-9D22-6F3346C2942D}"
EndProject
Project("{FAE04EC0-301F-11D3-BF4B-00C04F79EFBC}") = "OverlaySample", "OverlaySample\OverlaySample.csproj", "{177ADF02-8114-4594-88D1-CA6FBB92FA7A}"
EndProject
Project("{FAE04EC0-301F-11D3-BF4B-00C04F79EFBC}") = "VideoSourceFilterSample", "VideoSourceFilterSample\VideoSourceFilterSample.csproj", "{7EB16455-8E54-4033-B32D-909BCAD1609D}"
EndProject
Project("{FAE04EC0-301F-11D3-BF4B-00C04F79EFBC}") = "PtzCoordinatesManagerSample", "PtzCoordinatesManagerSample\PtzCoordinatesManagerSample.csproj", "{9683A716-B265-4195-A8D4-4D46095F1013}"
EndProject
Project("{FAE04EC0-301F-11D3-BF4B-00C04F79EFBC}") = "PageTaskSample", "PageTaskSample\PageTaskSample.csproj", "{4A495885-792B-43B0-95FB-2EF16BB37FD4}"
EndProject
Project("{FAE04EC0-301F-11D3-BF4B-00C04F79EFBC}") = "OptionsExtensionSample", "OptionsExtensionSample\OptionsExtensionSample.csproj", "{7118D2B1-7DF7-497D-8D81-478150472EB5}"
EndProject
Project("{FAE04EC0-301F-11D3-BF4B-00C04F79EFBC}") = "BackgroundProcessSample", "BackgroundProcessSample\BackgroundProcessSample.csproj", "{E05770EB-5D6C-410D-A082-4DCC623B2016}"
EndProject
Project("{FAE04EC0-301F-11D3-BF4B-00C04F79EFBC}") = "CardholderFieldsExtractorSample", "CardholderFieldsExtractorSample\CardholderFieldsExtractorSample.csproj", "{8BA6C468-F9FD-469B-9D45-D68528BDBD59}"
EndProject
Project("{FAE04EC0-301F-11D3-BF4B-00C04F79EFBC}") = "ImageExtractorSample", "ImageExtractorSample\ImageExtractorSample.csproj", "{B2D953C3-B160-4566-89E3-7B65580E6019}"
EndProject
Project("{FAE04EC0-301F-11D3-BF4B-00C04F79EFBC}") = "CustomFieldSample", "CustomFieldSample\CustomFieldSample.csproj", "{AEB2EC24-97E3-4F60-822B-7BE876D97AC8}"
EndProject
Project("{FAE04EC0-301F-11D3-BF4B-00C04F79EFBC}") = "ConfigPageSample", "ConfigPageSample\ConfigPageSample.csproj", "{73AF157B-5C79-4C5F-A957-D548513E2798}"
EndProject
Project("{FAE04EC0-301F-11D3-BF4B-00C04F79EFBC}") = "CardholderCredentialReaderSample", "CardholderCredentialReaderSample\CardholderCredentialReaderSample.csproj", "{27A4F6F6-F0E5-4FB1-86F8-A70751957A3A}"
EndProject
Project("{FAE04EC0-301F-11D3-BF4B-00C04F79EFBC}") = "CredentialReaderSample", "CredentialReaderSample\CredentialReaderSample.csproj", "{A2A41EB7-93AD-49B8-9C53-4706B6E9E9ED}"
EndProject
Project("{FAE04EC0-301F-11D3-BF4B-00C04F79EFBC}") = "VideoExportSample", "VideoExportSample\VideoExportSample.csproj", "{25070840-D9AF-497C-902A-EC0FC08638D6}"
EndProject
Project("{FAE04EC0-301F-11D3-BF4B-00C04F79EFBC}") = "TaskSample", "TaskSample\TaskSample.csproj", "{324B7B1A-79FB-486B-BF6C-CCD4259DB748}"
EndProject
Project("{FAE04EC0-301F-11D3-BF4B-00C04F79EFBC}") = "DashboardWidgetSample", "DashboardWidgetSample\DashboardWidgetSample.csproj", "{0E31CAFB-76FF-4962-8868-9A5609B1EE55}"
EndProject
Project("{FAE04EC0-301F-11D3-BF4B-00C04F79EFBC}") = "EventToActionSample", "EventToActionSample\EventToActionSample.csproj", "{0905D84F-59BC-4A31-BCE5-916FEC9B169C}"
EndProject
Project("{FAE04EC0-301F-11D3-BF4B-00C04F79EFBC}") = "CustomReportSample", "CustomReportSample\CustomReportSample.csproj", "{F905C101-896C-49E6-8078-19C0E9513F88}"
EndProject
Project("{FAE04EC0-301F-11D3-BF4B-00C04F79EFBC}") = "AccessControlUnitManagerSample", "AccessControlUnitManagerSample\AccessControlUnitManagerSample.csproj", "{0C0757F1-6A2B-4258-AF4E-5A10964E8142}"
EndProject
Project("{FAE04EC0-301F-11D3-BF4B-00C04F79EFBC}") = "EntityCertificatesManagerSample", "EntityCertificatesManagerSample\EntityCertificatesManagerSample.csproj", "{E7ECB4D6-1382-4FE3-AFFF-B47C9CBBA888}"
EndProject
Project("{FAE04EC0-301F-11D3-BF4B-00C04F79EFBC}") = "LoginManagerSample", "LoginManagerSample\LoginManagerSample.csproj", "{7EAFB04B-B851-41C6-8CE7-09CA2B68C3AF}"
EndProject
Project("{FAE04EC0-301F-11D3-BF4B-00C04F79EFBC}") = "CameraSample", "CameraSample\CameraSample.csproj", "{16CCB28D-F9A2-489C-9783-D92EEE687B71}"
EndProject
Project("{FAE04EC0-301F-11D3-BF4B-00C04F79EFBC}") = "PeopleCountingSample", "PeopleCountingSample\PeopleCountingSample.csproj", "{847CF4D4-2B00-4C6A-848A-F0908D705669}"
EndProject
Project("{FAE04EC0-301F-11D3-BF4B-00C04F79EFBC}") = "AccessVerifierSample", "AccessVerifierSample\AccessVerifierSample.csproj", "{1D9DF30C-817E-45AF-9071-03EDC92429CE}"
EndProject
Project("{FAE04EC0-301F-11D3-BF4B-00C04F79EFBC}") = "TimeAttendanceSample", "TimeAttendanceSample\TimeAttendanceSample.csproj", "{9C1FCCB7-A08D-4140-BFF8-949F036C50AA}"
EndProject
Project("{FAE04EC0-301F-11D3-BF4B-00C04F79EFBC}") = "ReportExporterSample", "ReportExporterSample\ReportExporterSample.csproj", "{80235DD0-E10A-4D5A-B904-3FFAF947AE00}"
EndProject
Project("{FAE04EC0-301F-11D3-BF4B-00C04F79EFBC}") = "PluginDatabaseSample", "PluginDatabaseSample\PluginDatabaseSample.csproj", "{B622A780-E98F-4E65-B5CA-C305E6B45965}"
EndProject
Project("{FAE04EC0-301F-11D3-BF4B-00C04F79EFBC}") = "TransactionManagerSample", "TransactionManagerSample\TransactionManagerSample.csproj", "{08316764-72E6-4A9D-BE64-132BF06A303D}"
EndProject
Project("{FAE04EC0-301F-11D3-BF4B-00C04F79EFBC}") = "VisitorManagerSample", "VisitorManagerSample\VisitorManagerSample.csproj", "{00380687-5FA7-4E60-8317-6748BB0DC713}"
EndProject
Global
	GlobalSection(SolutionConfigurationPlatforms) = preSolution
		Debug|Any CPU = Debug|Any CPU
		Release|Any CPU = Release|Any CPU
	EndGlobalSection
	GlobalSection(ProjectConfigurationPlatforms) = postSolution
		{BD80885D-81E5-44A0-A78F-BCB72EC5FDCA}.Debug|Any CPU.ActiveCfg = Debug|Any CPU
		{BD80885D-81E5-44A0-A78F-BCB72EC5FDCA}.Debug|Any CPU.Build.0 = Debug|Any CPU
		{BD80885D-81E5-44A0-A78F-BCB72EC5FDCA}.Release|Any CPU.ActiveCfg = Release|Any CPU
		{BD80885D-81E5-44A0-A78F-BCB72EC5FDCA}.Release|Any CPU.Build.0 = Release|Any CPU
		{A7366828-58B4-480B-8D90-6493D257E802}.Debug|Any CPU.ActiveCfg = Debug|Any CPU
		{A7366828-58B4-480B-8D90-6493D257E802}.Debug|Any CPU.Build.0 = Debug|Any CPU
		{A7366828-58B4-480B-8D90-6493D257E802}.Release|Any CPU.ActiveCfg = Release|Any CPU
		{A7366828-58B4-480B-8D90-6493D257E802}.Release|Any CPU.Build.0 = Release|Any CPU
		{12E66CF7-F80D-45EA-B106-E638B769A2B5}.Debug|Any CPU.ActiveCfg = Debug|Any CPU
		{12E66CF7-F80D-45EA-B106-E638B769A2B5}.Debug|Any CPU.Build.0 = Debug|Any CPU
		{12E66CF7-F80D-45EA-B106-E638B769A2B5}.Release|Any CPU.ActiveCfg = Release|Any CPU
		{12E66CF7-F80D-45EA-B106-E638B769A2B5}.Release|Any CPU.Build.0 = Release|Any CPU
		{EF31E80D-6743-4D64-BE6B-C1AE3DAD798A}.Debug|Any CPU.ActiveCfg = Debug|Any CPU
		{EF31E80D-6743-4D64-BE6B-C1AE3DAD798A}.Debug|Any CPU.Build.0 = Debug|Any CPU
		{EF31E80D-6743-4D64-BE6B-C1AE3DAD798A}.Release|Any CPU.ActiveCfg = Release|Any CPU
		{EF31E80D-6743-4D64-BE6B-C1AE3DAD798A}.Release|Any CPU.Build.0 = Release|Any CPU
		{A2B97D24-662D-400D-A3E7-1D8760BC8B4B}.Debug|Any CPU.ActiveCfg = Debug|Any CPU
		{A2B97D24-662D-400D-A3E7-1D8760BC8B4B}.Debug|Any CPU.Build.0 = Debug|Any CPU
		{A2B97D24-662D-400D-A3E7-1D8760BC8B4B}.Release|Any CPU.ActiveCfg = Release|Any CPU
		{A2B97D24-662D-400D-A3E7-1D8760BC8B4B}.Release|Any CPU.Build.0 = Release|Any CPU
		{73543DDA-EF56-49E4-A49C-B3F162150038}.Debug|Any CPU.ActiveCfg = Debug|Any CPU
		{73543DDA-EF56-49E4-A49C-B3F162150038}.Debug|Any CPU.Build.0 = Debug|Any CPU
		{73543DDA-EF56-49E4-A49C-B3F162150038}.Release|Any CPU.ActiveCfg = Release|Any CPU
		{73543DDA-EF56-49E4-A49C-B3F162150038}.Release|Any CPU.Build.0 = Release|Any CPU
		{E9E9B507-7E3D-4CCE-BC5B-CF22AA2AEE67}.Debug|Any CPU.ActiveCfg = Debug|Any CPU
		{E9E9B507-7E3D-4CCE-BC5B-CF22AA2AEE67}.Debug|Any CPU.Build.0 = Debug|Any CPU
		{E9E9B507-7E3D-4CCE-BC5B-CF22AA2AEE67}.Release|Any CPU.ActiveCfg = Release|Any CPU
		{E9E9B507-7E3D-4CCE-BC5B-CF22AA2AEE67}.Release|Any CPU.Build.0 = Release|Any CPU
		{2F8A8884-0C43-486E-99A9-7AD133D6A443}.Debug|Any CPU.ActiveCfg = Debug|Any CPU
		{2F8A8884-0C43-486E-99A9-7AD133D6A443}.Debug|Any CPU.Build.0 = Debug|Any CPU
		{2F8A8884-0C43-486E-99A9-7AD133D6A443}.Release|Any CPU.ActiveCfg = Release|Any CPU
		{2F8A8884-0C43-486E-99A9-7AD133D6A443}.Release|Any CPU.Build.0 = Release|Any CPU
		{C486546E-2D72-4ABF-A232-DFBC6B13BB2E}.Debug|Any CPU.ActiveCfg = Debug|Any CPU
		{C486546E-2D72-4ABF-A232-DFBC6B13BB2E}.Debug|Any CPU.Build.0 = Debug|Any CPU
		{C486546E-2D72-4ABF-A232-DFBC6B13BB2E}.Release|Any CPU.ActiveCfg = Release|Any CPU
		{C486546E-2D72-4ABF-A232-DFBC6B13BB2E}.Release|Any CPU.Build.0 = Release|Any CPU
		{7E86AB23-938E-4384-BDBE-E98D7CC9CA44}.Debug|Any CPU.ActiveCfg = Debug|Any CPU
		{7E86AB23-938E-4384-BDBE-E98D7CC9CA44}.Debug|Any CPU.Build.0 = Debug|Any CPU
		{7E86AB23-938E-4384-BDBE-E98D7CC9CA44}.Release|Any CPU.ActiveCfg = Release|Any CPU
		{7E86AB23-938E-4384-BDBE-E98D7CC9CA44}.Release|Any CPU.Build.0 = Release|Any CPU
		{6B0173A4-19BF-41D2-B0E9-62BF17BD151A}.Debug|Any CPU.ActiveCfg = Debug|Any CPU
		{6B0173A4-19BF-41D2-B0E9-62BF17BD151A}.Debug|Any CPU.Build.0 = Debug|Any CPU
		{6B0173A4-19BF-41D2-B0E9-62BF17BD151A}.Release|Any CPU.ActiveCfg = Release|Any CPU
		{6B0173A4-19BF-41D2-B0E9-62BF17BD151A}.Release|Any CPU.Build.0 = Release|Any CPU
		{5E8C6571-B661-4FA0-AE8F-D9214B166F4B}.Debug|Any CPU.ActiveCfg = Debug|Any CPU
		{5E8C6571-B661-4FA0-AE8F-D9214B166F4B}.Debug|Any CPU.Build.0 = Debug|Any CPU
		{5E8C6571-B661-4FA0-AE8F-D9214B166F4B}.Release|Any CPU.ActiveCfg = Release|Any CPU
		{5E8C6571-B661-4FA0-AE8F-D9214B166F4B}.Release|Any CPU.Build.0 = Release|Any CPU
		{4D27A27E-A287-4366-89DC-E89571B07321}.Debug|Any CPU.ActiveCfg = Debug|Any CPU
		{4D27A27E-A287-4366-89DC-E89571B07321}.Debug|Any CPU.Build.0 = Debug|Any CPU
		{4D27A27E-A287-4366-89DC-E89571B07321}.Release|Any CPU.ActiveCfg = Release|Any CPU
		{4D27A27E-A287-4366-89DC-E89571B07321}.Release|Any CPU.Build.0 = Release|Any CPU
		{464C76EA-DA3E-4957-BBC3-2B8591E64349}.Debug|Any CPU.ActiveCfg = Debug|Any CPU
		{464C76EA-DA3E-4957-BBC3-2B8591E64349}.Debug|Any CPU.Build.0 = Debug|Any CPU
		{464C76EA-DA3E-4957-BBC3-2B8591E64349}.Release|Any CPU.ActiveCfg = Release|Any CPU
		{464C76EA-DA3E-4957-BBC3-2B8591E64349}.Release|Any CPU.Build.0 = Release|Any CPU
		{49274831-CE4C-4B89-91B9-61C7DEDA2A26}.Debug|Any CPU.ActiveCfg = Debug|Any CPU
		{49274831-CE4C-4B89-91B9-61C7DEDA2A26}.Debug|Any CPU.Build.0 = Debug|Any CPU
		{49274831-CE4C-4B89-91B9-61C7DEDA2A26}.Release|Any CPU.ActiveCfg = Release|Any CPU
		{49274831-CE4C-4B89-91B9-61C7DEDA2A26}.Release|Any CPU.Build.0 = Release|Any CPU
		{36E0317B-FAD0-48C4-9D22-6F3346C2942D}.Debug|Any CPU.ActiveCfg = Debug|Any CPU
		{36E0317B-FAD0-48C4-9D22-6F3346C2942D}.Debug|Any CPU.Build.0 = Debug|Any CPU
		{36E0317B-FAD0-48C4-9D22-6F3346C2942D}.Release|Any CPU.ActiveCfg = Release|Any CPU
		{36E0317B-FAD0-48C4-9D22-6F3346C2942D}.Release|Any CPU.Build.0 = Release|Any CPU
		{177ADF02-8114-4594-88D1-CA6FBB92FA7A}.Debug|Any CPU.ActiveCfg = Debug|Any CPU
		{177ADF02-8114-4594-88D1-CA6FBB92FA7A}.Debug|Any CPU.Build.0 = Debug|Any CPU
		{177ADF02-8114-4594-88D1-CA6FBB92FA7A}.Release|Any CPU.ActiveCfg = Release|Any CPU
		{177ADF02-8114-4594-88D1-CA6FBB92FA7A}.Release|Any CPU.Build.0 = Release|Any CPU
		{7EB16455-8E54-4033-B32D-909BCAD1609D}.Debug|Any CPU.ActiveCfg = Debug|Any CPU
		{7EB16455-8E54-4033-B32D-909BCAD1609D}.Debug|Any CPU.Build.0 = Debug|Any CPU
		{7EB16455-8E54-4033-B32D-909BCAD1609D}.Release|Any CPU.ActiveCfg = Release|Any CPU
		{7EB16455-8E54-4033-B32D-909BCAD1609D}.Release|Any CPU.Build.0 = Release|Any CPU
		{9683A716-B265-4195-A8D4-4D46095F1013}.Debug|Any CPU.ActiveCfg = Debug|Any CPU
		{9683A716-B265-4195-A8D4-4D46095F1013}.Debug|Any CPU.Build.0 = Debug|Any CPU
		{9683A716-B265-4195-A8D4-4D46095F1013}.Release|Any CPU.ActiveCfg = Release|Any CPU
		{9683A716-B265-4195-A8D4-4D46095F1013}.Release|Any CPU.Build.0 = Release|Any CPU
		{4A495885-792B-43B0-95FB-2EF16BB37FD4}.Debug|Any CPU.ActiveCfg = Debug|Any CPU
		{4A495885-792B-43B0-95FB-2EF16BB37FD4}.Debug|Any CPU.Build.0 = Debug|Any CPU
		{4A495885-792B-43B0-95FB-2EF16BB37FD4}.Release|Any CPU.ActiveCfg = Release|Any CPU
		{4A495885-792B-43B0-95FB-2EF16BB37FD4}.Release|Any CPU.Build.0 = Release|Any CPU
		{7118D2B1-7DF7-497D-8D81-478150472EB5}.Debug|Any CPU.ActiveCfg = Debug|Any CPU
		{7118D2B1-7DF7-497D-8D81-478150472EB5}.Debug|Any CPU.Build.0 = Debug|Any CPU
		{7118D2B1-7DF7-497D-8D81-478150472EB5}.Release|Any CPU.ActiveCfg = Release|Any CPU
		{7118D2B1-7DF7-497D-8D81-478150472EB5}.Release|Any CPU.Build.0 = Release|Any CPU
		{E05770EB-5D6C-410D-A082-4DCC623B2016}.Debug|Any CPU.ActiveCfg = Debug|Any CPU
		{E05770EB-5D6C-410D-A082-4DCC623B2016}.Debug|Any CPU.Build.0 = Debug|Any CPU
		{E05770EB-5D6C-410D-A082-4DCC623B2016}.Release|Any CPU.ActiveCfg = Release|Any CPU
		{E05770EB-5D6C-410D-A082-4DCC623B2016}.Release|Any CPU.Build.0 = Release|Any CPU
		{8BA6C468-F9FD-469B-9D45-D68528BDBD59}.Debug|Any CPU.ActiveCfg = Debug|Any CPU
		{8BA6C468-F9FD-469B-9D45-D68528BDBD59}.Debug|Any CPU.Build.0 = Debug|Any CPU
		{8BA6C468-F9FD-469B-9D45-D68528BDBD59}.Release|Any CPU.ActiveCfg = Release|Any CPU
		{8BA6C468-F9FD-469B-9D45-D68528BDBD59}.Release|Any CPU.Build.0 = Release|Any CPU
		{B2D953C3-B160-4566-89E3-7B65580E6019}.Debug|Any CPU.ActiveCfg = Debug|Any CPU
		{B2D953C3-B160-4566-89E3-7B65580E6019}.Debug|Any CPU.Build.0 = Debug|Any CPU
		{B2D953C3-B160-4566-89E3-7B65580E6019}.Release|Any CPU.ActiveCfg = Release|Any CPU
		{B2D953C3-B160-4566-89E3-7B65580E6019}.Release|Any CPU.Build.0 = Release|Any CPU
		{AEB2EC24-97E3-4F60-822B-7BE876D97AC8}.Debug|Any CPU.ActiveCfg = Debug|Any CPU
		{AEB2EC24-97E3-4F60-822B-7BE876D97AC8}.Debug|Any CPU.Build.0 = Debug|Any CPU
		{AEB2EC24-97E3-4F60-822B-7BE876D97AC8}.Release|Any CPU.ActiveCfg = Release|Any CPU
		{AEB2EC24-97E3-4F60-822B-7BE876D97AC8}.Release|Any CPU.Build.0 = Release|Any CPU
		{73AF157B-5C79-4C5F-A957-D548513E2798}.Debug|Any CPU.ActiveCfg = Debug|Any CPU
		{73AF157B-5C79-4C5F-A957-D548513E2798}.Debug|Any CPU.Build.0 = Debug|Any CPU
		{73AF157B-5C79-4C5F-A957-D548513E2798}.Release|Any CPU.ActiveCfg = Release|Any CPU
		{73AF157B-5C79-4C5F-A957-D548513E2798}.Release|Any CPU.Build.0 = Release|Any CPU
		{27A4F6F6-F0E5-4FB1-86F8-A70751957A3A}.Debug|Any CPU.ActiveCfg = Debug|Any CPU
		{27A4F6F6-F0E5-4FB1-86F8-A70751957A3A}.Debug|Any CPU.Build.0 = Debug|Any CPU
		{27A4F6F6-F0E5-4FB1-86F8-A70751957A3A}.Release|Any CPU.ActiveCfg = Release|Any CPU
		{27A4F6F6-F0E5-4FB1-86F8-A70751957A3A}.Release|Any CPU.Build.0 = Release|Any CPU
		{A2A41EB7-93AD-49B8-9C53-4706B6E9E9ED}.Debug|Any CPU.ActiveCfg = Debug|Any CPU
		{A2A41EB7-93AD-49B8-9C53-4706B6E9E9ED}.Debug|Any CPU.Build.0 = Debug|Any CPU
		{A2A41EB7-93AD-49B8-9C53-4706B6E9E9ED}.Release|Any CPU.ActiveCfg = Release|Any CPU
		{A2A41EB7-93AD-49B8-9C53-4706B6E9E9ED}.Release|Any CPU.Build.0 = Release|Any CPU
		{25070840-D9AF-497C-902A-EC0FC08638D6}.Debug|Any CPU.ActiveCfg = Debug|Any CPU
		{25070840-D9AF-497C-902A-EC0FC08638D6}.Debug|Any CPU.Build.0 = Debug|Any CPU
		{25070840-D9AF-497C-902A-EC0FC08638D6}.Release|Any CPU.ActiveCfg = Release|Any CPU
		{25070840-D9AF-497C-902A-EC0FC08638D6}.Release|Any CPU.Build.0 = Release|Any CPU
		{324B7B1A-79FB-486B-BF6C-CCD4259DB748}.Debug|Any CPU.ActiveCfg = Debug|Any CPU
		{324B7B1A-79FB-486B-BF6C-CCD4259DB748}.Debug|Any CPU.Build.0 = Debug|Any CPU
		{324B7B1A-79FB-486B-BF6C-CCD4259DB748}.Release|Any CPU.ActiveCfg = Release|Any CPU
		{324B7B1A-79FB-486B-BF6C-CCD4259DB748}.Release|Any CPU.Build.0 = Release|Any CPU
		{0E31CAFB-76FF-4962-8868-9A5609B1EE55}.Debug|Any CPU.ActiveCfg = Debug|Any CPU
		{0E31CAFB-76FF-4962-8868-9A5609B1EE55}.Debug|Any CPU.Build.0 = Debug|Any CPU
		{0E31CAFB-76FF-4962-8868-9A5609B1EE55}.Release|Any CPU.ActiveCfg = Release|Any CPU
		{0E31CAFB-76FF-4962-8868-9A5609B1EE55}.Release|Any CPU.Build.0 = Release|Any CPU
		{0905D84F-59BC-4A31-BCE5-916FEC9B169C}.Debug|Any CPU.ActiveCfg = Debug|Any CPU
		{0905D84F-59BC-4A31-BCE5-916FEC9B169C}.Debug|Any CPU.Build.0 = Debug|Any CPU
		{0905D84F-59BC-4A31-BCE5-916FEC9B169C}.Release|Any CPU.ActiveCfg = Release|Any CPU
		{0905D84F-59BC-4A31-BCE5-916FEC9B169C}.Release|Any CPU.Build.0 = Release|Any CPU
		{F905C101-896C-49E6-8078-19C0E9513F88}.Debug|Any CPU.ActiveCfg = Debug|Any CPU
		{F905C101-896C-49E6-8078-19C0E9513F88}.Debug|Any CPU.Build.0 = Debug|Any CPU
		{F905C101-896C-49E6-8078-19C0E9513F88}.Release|Any CPU.ActiveCfg = Release|Any CPU
		{F905C101-896C-49E6-8078-19C0E9513F88}.Release|Any CPU.Build.0 = Release|Any CPU
		{0C0757F1-6A2B-4258-AF4E-5A10964E8142}.Debug|Any CPU.ActiveCfg = Debug|Any CPU
		{0C0757F1-6A2B-4258-AF4E-5A10964E8142}.Debug|Any CPU.Build.0 = Debug|Any CPU
		{0C0757F1-6A2B-4258-AF4E-5A10964E8142}.Release|Any CPU.ActiveCfg = Release|Any CPU
		{0C0757F1-6A2B-4258-AF4E-5A10964E8142}.Release|Any CPU.Build.0 = Release|Any CPU
		{E7ECB4D6-1382-4FE3-AFFF-B47C9CBBA888}.Debug|Any CPU.ActiveCfg = Debug|Any CPU
		{E7ECB4D6-1382-4FE3-AFFF-B47C9CBBA888}.Debug|Any CPU.Build.0 = Debug|Any CPU
		{E7ECB4D6-1382-4FE3-AFFF-B47C9CBBA888}.Release|Any CPU.ActiveCfg = Release|Any CPU
		{E7ECB4D6-1382-4FE3-AFFF-B47C9CBBA888}.Release|Any CPU.Build.0 = Release|Any CPU
		{7EAFB04B-B851-41C6-8CE7-09CA2B68C3AF}.Debug|Any CPU.ActiveCfg = Debug|Any CPU
		{7EAFB04B-B851-41C6-8CE7-09CA2B68C3AF}.Debug|Any CPU.Build.0 = Debug|Any CPU
		{7EAFB04B-B851-41C6-8CE7-09CA2B68C3AF}.Release|Any CPU.ActiveCfg = Release|Any CPU
		{7EAFB04B-B851-41C6-8CE7-09CA2B68C3AF}.Release|Any CPU.Build.0 = Release|Any CPU
		{16CCB28D-F9A2-489C-9783-D92EEE687B71}.Debug|Any CPU.ActiveCfg = Debug|Any CPU
		{16CCB28D-F9A2-489C-9783-D92EEE687B71}.Debug|Any CPU.Build.0 = Debug|Any CPU
		{16CCB28D-F9A2-489C-9783-D92EEE687B71}.Release|Any CPU.ActiveCfg = Release|Any CPU
		{16CCB28D-F9A2-489C-9783-D92EEE687B71}.Release|Any CPU.Build.0 = Release|Any CPU
		{847CF4D4-2B00-4C6A-848A-F0908D705669}.Debug|Any CPU.ActiveCfg = Debug|Any CPU
		{847CF4D4-2B00-4C6A-848A-F0908D705669}.Debug|Any CPU.Build.0 = Debug|Any CPU
		{847CF4D4-2B00-4C6A-848A-F0908D705669}.Release|Any CPU.ActiveCfg = Release|Any CPU
		{847CF4D4-2B00-4C6A-848A-F0908D705669}.Release|Any CPU.Build.0 = Release|Any CPU
		{1D9DF30C-817E-45AF-9071-03EDC92429CE}.Debug|Any CPU.ActiveCfg = Debug|Any CPU
		{1D9DF30C-817E-45AF-9071-03EDC92429CE}.Debug|Any CPU.Build.0 = Debug|Any CPU
		{1D9DF30C-817E-45AF-9071-03EDC92429CE}.Release|Any CPU.ActiveCfg = Release|Any CPU
		{1D9DF30C-817E-45AF-9071-03EDC92429CE}.Release|Any CPU.Build.0 = Release|Any CPU
		{9C1FCCB7-A08D-4140-BFF8-949F036C50AA}.Debug|Any CPU.ActiveCfg = Debug|Any CPU
		{9C1FCCB7-A08D-4140-BFF8-949F036C50AA}.Debug|Any CPU.Build.0 = Debug|Any CPU
		{9C1FCCB7-A08D-4140-BFF8-949F036C50AA}.Release|Any CPU.ActiveCfg = Release|Any CPU
		{9C1FCCB7-A08D-4140-BFF8-949F036C50AA}.Release|Any CPU.Build.0 = Release|Any CPU
		{DD133C7E-1BE3-436D-91AA-DD298A30F72E}.Debug|Any CPU.ActiveCfg = Debug|Any CPU
		{DD133C7E-1BE3-436D-91AA-DD298A30F72E}.Debug|Any CPU.Build.0 = Debug|Any CPU
		{DD133C7E-1BE3-436D-91AA-DD298A30F72E}.Release|Any CPU.ActiveCfg = Release|Any CPU
		{DD133C7E-1BE3-436D-91AA-DD298A30F72E}.Release|Any CPU.Build.0 = Release|Any CPU
		{80235DD0-E10A-4D5A-B904-3FFAF947AE00}.Debug|Any CPU.ActiveCfg = Debug|Any CPU
		{80235DD0-E10A-4D5A-B904-3FFAF947AE00}.Debug|Any CPU.Build.0 = Debug|Any CPU
		{80235DD0-E10A-4D5A-B904-3FFAF947AE00}.Release|Any CPU.ActiveCfg = Release|Any CPU
		{80235DD0-E10A-4D5A-B904-3FFAF947AE00}.Release|Any CPU.Build.0 = Release|Any CPU
		{B622A780-E98F-4E65-B5CA-C305E6B45965}.Debug|Any CPU.ActiveCfg = Debug|Any CPU
		{B622A780-E98F-4E65-B5CA-C305E6B45965}.Debug|Any CPU.Build.0 = Debug|Any CPU
		{B622A780-E98F-4E65-B5CA-C305E6B45965}.Release|Any CPU.ActiveCfg = Release|Any CPU
		{B622A780-E98F-4E65-B5CA-C305E6B45965}.Release|Any CPU.Build.0 = Release|Any CPU
		{08316764-72E6-4A9D-BE64-132BF06A303D}.Debug|Any CPU.ActiveCfg = Debug|Any CPU
		{08316764-72E6-4A9D-BE64-132BF06A303D}.Debug|Any CPU.Build.0 = Debug|Any CPU
		{08316764-72E6-4A9D-BE64-132BF06A303D}.Release|Any CPU.ActiveCfg = Release|Any CPU
		{08316764-72E6-4A9D-BE64-132BF06A303D}.Release|Any CPU.Build.0 = Release|Any CPU
		{00380687-5FA7-4E60-8317-6748BB0DC713}.Debug|Any CPU.ActiveCfg = Debug|Any CPU
		{00380687-5FA7-4E60-8317-6748BB0DC713}.Debug|Any CPU.Build.0 = Debug|Any CPU
		{00380687-5FA7-4E60-8317-6748BB0DC713}.Release|Any CPU.ActiveCfg = Release|Any CPU
		{00380687-5FA7-4E60-8317-6748BB0DC713}.Release|Any CPU.Build.0 = Release|Any CPU
	EndGlobalSection
	GlobalSection(SolutionProperties) = preSolution
		HideSolutionNode = FALSE
	EndGlobalSection
	GlobalSection(NestedProjects) = preSolution
		{A7366828-58B4-480B-8D90-6493D257E802} = {70BBDAA5-EC10-48FE-8DB8-D360D0489681}
		{12E66CF7-F80D-45EA-B106-E638B769A2B5} = {70BBDAA5-EC10-48FE-8DB8-D360D0489681}
		{E9E9B507-7E3D-4CCE-BC5B-CF22AA2AEE67} = {AAD7589E-062C-4CF0-AF3D-8B86A42AA482}
		{C486546E-2D72-4ABF-A232-DFBC6B13BB2E} = {70BBDAA5-EC10-48FE-8DB8-D360D0489681}
		{6B0173A4-19BF-41D2-B0E9-62BF17BD151A} = {70BBDAA5-EC10-48FE-8DB8-D360D0489681}
		{5E8C6571-B661-4FA0-AE8F-D9214B166F4B} = {70BBDAA5-EC10-48FE-8DB8-D360D0489681}
		{36E0317B-FAD0-48C4-9D22-6F3346C2942D} = {949B9098-D0C6-4E6C-BAB4-7253789645C1}
		{177ADF02-8114-4594-88D1-CA6FBB92FA7A} = {949B9098-D0C6-4E6C-BAB4-7253789645C1}
		{7EB16455-8E54-4033-B32D-909BCAD1609D} = {949B9098-D0C6-4E6C-BAB4-7253789645C1}
		{9683A716-B265-4195-A8D4-4D46095F1013} = {949B9098-D0C6-4E6C-BAB4-7253789645C1}
		{4A495885-792B-43B0-95FB-2EF16BB37FD4} = {70BBDAA5-EC10-48FE-8DB8-D360D0489681}
		{7118D2B1-7DF7-497D-8D81-478150472EB5} = {70BBDAA5-EC10-48FE-8DB8-D360D0489681}
		{E05770EB-5D6C-410D-A082-4DCC623B2016} = {70BBDAA5-EC10-48FE-8DB8-D360D0489681}
		{8BA6C468-F9FD-469B-9D45-D68528BDBD59} = {70BBDAA5-EC10-48FE-8DB8-D360D0489681}
		{B2D953C3-B160-4566-89E3-7B65580E6019} = {70BBDAA5-EC10-48FE-8DB8-D360D0489681}
		{73AF157B-5C79-4C5F-A957-D548513E2798} = {70BBDAA5-EC10-48FE-8DB8-D360D0489681}
		{27A4F6F6-F0E5-4FB1-86F8-A70751957A3A} = {70BBDAA5-EC10-48FE-8DB8-D360D0489681}
		{A2A41EB7-93AD-49B8-9C53-4706B6E9E9ED} = {70BBDAA5-EC10-48FE-8DB8-D360D0489681}
		{25070840-D9AF-497C-902A-EC0FC08638D6} = {949B9098-D0C6-4E6C-BAB4-7253789645C1}
		{324B7B1A-79FB-486B-BF6C-CCD4259DB748} = {70BBDAA5-EC10-48FE-8DB8-D360D0489681}
		{0E31CAFB-76FF-4962-8868-9A5609B1EE55} = {70BBDAA5-EC10-48FE-8DB8-D360D0489681}
		{F905C101-896C-49E6-8078-19C0E9513F88} = {AAD7589E-062C-4CF0-AF3D-8B86A42AA482}
		{B622A780-E98F-4E65-B5CA-C305E6B45965} = {AAD7589E-062C-4CF0-AF3D-8B86A42AA482}
	EndGlobalSection
	GlobalSection(ExtensibilityGlobals) = postSolution
		SolutionGuid = {ED86FFEC-C166-496A-BA40-290F0A952A2D}
	EndGlobalSection
	GlobalSection(SharedMSBuildProjectFiles) = preSolution
		Shared\Shared.projitems*{00380687-5fa7-4e60-8317-6748bb0dc713}*SharedItemsImports = 4
		Shared\Shared.projitems*{08316764-72e6-4a9d-be64-132bf06a303d}*SharedItemsImports = 4
		Shared\Shared.projitems*{0905d84f-59bc-4a31-bce5-916fec9b169c}*SharedItemsImports = 4
		Shared\Shared.projitems*{0c0757f1-6a2b-4258-af4e-5a10964e8142}*SharedItemsImports = 4
		Shared\Shared.projitems*{16ccb28d-f9a2-489c-9783-d92eee687b71}*SharedItemsImports = 4
		Shared\Shared.projitems*{177adf02-8114-4594-88d1-ca6fbb92fa7a}*SharedItemsImports = 4
		Shared\Shared.projitems*{1d9df30c-817e-45af-9071-03edc92429ce}*SharedItemsImports = 4
		Shared\Shared.projitems*{25070840-d9af-497c-902a-ec0fc08638d6}*SharedItemsImports = 4
		Shared\Shared.projitems*{2f8a8884-0c43-486e-99a9-7ad133d6a443}*SharedItemsImports = 4
		Shared\Shared.projitems*{36e0317b-fad0-48c4-9d22-6f3346c2942d}*SharedItemsImports = 4
		Shared\Shared.projitems*{464c76ea-da3e-4957-bbc3-2b8591e64349}*SharedItemsImports = 4
		Shared\Shared.projitems*{49274831-ce4c-4b89-91b9-61c7deda2a26}*SharedItemsImports = 4
		Shared\Shared.projitems*{4d27a27e-a287-4366-89dc-e89571b07321}*SharedItemsImports = 4
		Shared\Shared.projitems*{73543dda-ef56-49e4-a49c-b3f162150038}*SharedItemsImports = 4
		Shared\Shared.projitems*{7e86ab23-938e-4384-bdbe-e98d7cc9ca44}*SharedItemsImports = 4
		Shared\Shared.projitems*{7eafb04b-b851-41c6-8ce7-09ca2b68c3af}*SharedItemsImports = 4
		Shared\Shared.projitems*{7eb16455-8e54-4033-b32d-909bcad1609d}*SharedItemsImports = 4
		Shared\Shared.projitems*{80235dd0-e10a-4d5a-b904-3ffaf947ae00}*SharedItemsImports = 4
		Shared\Shared.projitems*{847cf4d4-2b00-4c6a-848a-f0908d705669}*SharedItemsImports = 4
		Shared\Shared.projitems*{9683a716-b265-4195-a8d4-4d46095f1013}*SharedItemsImports = 4
		Shared\Shared.projitems*{9c1fccb7-a08d-4140-bff8-949f036c50aa}*SharedItemsImports = 4
		Shared\Shared.projitems*{a2b97d24-662d-400d-a3e7-1d8760bc8b4b}*SharedItemsImports = 4
		Shared\Shared.projitems*{aeb2ec24-97e3-4f60-822b-7be876d97ac8}*SharedItemsImports = 4
		Shared\Shared.projitems*{bd80885d-81e5-44a0-a78f-bcb72ec5fdca}*SharedItemsImports = 4
		Shared\Shared.projitems*{e7ecb4d6-1382-4fe3-afff-b47c9cbba888}*SharedItemsImports = 4
		Shared\Shared.projitems*{ef31e80d-6743-4d64-be6b-c1ae3dad798a}*SharedItemsImports = 4
		Shared\Shared.projitems*{feafca17-7cf4-4d24-aba8-b31d284a963c}*SharedItemsImports = 13
	EndGlobalSection
EndGlobal
